// !$*UTF8*$!
{
	archiveVersion = 1;
	classes = {
	};
	objectVersion = 46;
	objects = {

/* Begin PBXBuildFile section */
		111F2CE31D5615F00020442C /* AppDelegate.swift in Sources */ = {isa = PBXBuildFile; fileRef = 111F2CE21D5615F00020442C /* AppDelegate.swift */; };
		111F2CE51D5615F00020442C /* ViewController.swift in Sources */ = {isa = PBXBuildFile; fileRef = 111F2CE41D5615F00020442C /* ViewController.swift */; };
		111F2CE81D5615F00020442C /* Main.storyboard in Resources */ = {isa = PBXBuildFile; fileRef = 111F2CE61D5615F00020442C /* Main.storyboard */; };
		111F2CEA1D5615F00020442C /* Assets.xcassets in Resources */ = {isa = PBXBuildFile; fileRef = 111F2CE91D5615F00020442C /* Assets.xcassets */; };
		111F2CED1D5615F00020442C /* LaunchScreen.storyboard in Resources */ = {isa = PBXBuildFile; fileRef = 111F2CEB1D5615F00020442C /* LaunchScreen.storyboard */; };
		111F2CF51D5635830020442C /* NoCopyPasteUITextField.swift in Sources */ = {isa = PBXBuildFile; fileRef = 111F2CF41D5635830020442C /* NoCopyPasteUITextField.swift */; };
/* End PBXBuildFile section */

/* Begin PBXFileReference section */
		111F2CDF1D5615F00020442C /* UITextFieldDropDownList.app */ = {isa = PBXFileReference; explicitFileType = wrapper.application; includeInIndex = 0; path = UITextFieldDropDownList.app; sourceTree = BUILT_PRODUCTS_DIR; };
		111F2CE21D5615F00020442C /* AppDelegate.swift */ = {isa = PBXFileReference; lastKnownFileType = sourcecode.swift; path = AppDelegate.swift; sourceTree = "<group>"; };
		111F2CE41D5615F00020442C /* ViewController.swift */ = {isa = PBXFileReference; lastKnownFileType = sourcecode.swift; path = ViewController.swift; sourceTree = "<group>"; };
		111F2CE71D5615F00020442C /* Base */ = {isa = PBXFileReference; lastKnownFileType = file.storyboard; name = Base; path = Base.lproj/Main.storyboard; sourceTree = "<group>"; };
		111F2CE91D5615F00020442C /* Assets.xcassets */ = {isa = PBXFileReference; lastKnownFileType = folder.assetcatalog; path = Assets.xcassets; sourceTree = "<group>"; };
		111F2CEC1D5615F00020442C /* Base */ = {isa = PBXFileReference; lastKnownFileType = file.storyboard; name = Base; path = Base.lproj/LaunchScreen.storyboard; sourceTree = "<group>"; };
		111F2CEE1D5615F00020442C /* Info.plist */ = {isa = PBXFileReference; lastKnownFileType = text.plist.xml; path = Info.plist; sourceTree = "<group>"; };
		111F2CF41D5635830020442C /* NoCopyPasteUITextField.swift */ = {isa = PBXFileReference; fileEncoding = 4; lastKnownFileType = sourcecode.swift; path = NoCopyPasteUITextField.swift; sourceTree = "<group>"; };
/* End PBXFileReference section */

/* Begin PBXFrameworksBuildPhase section */
		111F2CDC1D5615F00020442C /* Frameworks */ = {
			isa = PBXFrameworksBuildPhase;
			buildActionMask = 2147483647;
			files = (
			);
			runOnlyForDeploymentPostprocessing = 0;
		};
/* End PBXFrameworksBuildPhase section */

/* Begin PBXGroup section */
		111F2CD61D5615F00020442C = {
			isa = PBXGroup;
			children = (
				111F2CE11D5615F00020442C /* UITextFieldDropDownList */,
				111F2CE01D5615F00020442C /* Products */,
			);
			sourceTree = "<group>";
		};
		111F2CE01D5615F00020442C /* Products */ = {
			isa = PBXGroup;
			children = (
				111F2CDF1D5615F00020442C /* UITextFieldDropDownList.app */,
			);
			name = Products;
			sourceTree = "<group>";
		};
		111F2CE11D5615F00020442C /* UITextFieldDropDownList */ = {
			isa = PBXGroup;
			children = (
				111F2CE21D5615F00020442C /* AppDelegate.swift */,
				111F2CE41D5615F00020442C /* ViewController.swift */,
				111F2CE61D5615F00020442C /* Main.storyboard */,
				111F2CE91D5615F00020442C /* Assets.xcassets */,
				111F2CEB1D5615F00020442C /* LaunchScreen.storyboard */,
				111F2CEE1D5615F00020442C /* Info.plist */,
				111F2CF41D5635830020442C /* NoCopyPasteUITextField.swift */,
			);
			path = UITextFieldDropDownList;
			sourceTree = "<group>";
		};
/* End PBXGroup section */

/* Begin PBXNativeTarget section */
		111F2CDE1D5615F00020442C /* UITextFieldDropDownList */ = {
			isa = PBXNativeTarget;
			buildConfigurationList = 111F2CF11D5615F00020442C /* Build configuration list for PBXNativeTarget "UITextFieldDropDownList" */;
			buildPhases = (
				111F2CDB1D5615F00020442C /* Sources */,
				111F2CDC1D5615F00020442C /* Frameworks */,
				111F2CDD1D5615F00020442C /* Resources */,
			);
			buildRules = (
			);
			dependencies = (
			);
			name = UITextFieldDropDownList;
			productName = UITextFieldDropDownList;
			productReference = 111F2CDF1D5615F00020442C /* UITextFieldDropDownList.app */;
			productType = "com.apple.product-type.application";
		};
/* End PBXNativeTarget section */

/* Begin PBXProject section */
		111F2CD71D5615F00020442C /* Project object */ = {
			isa = PBXProject;
			attributes = {
				LastSwiftUpdateCheck = 0730;
				LastUpgradeCheck = 1130;
				ORGANIZATIONNAME = LawrenceM;
				TargetAttributes = {
					111F2CDE1D5615F00020442C = {
						CreatedOnToolsVersion = 7.3.1;
						DevelopmentTeam = T6TG5W96HH;
						LastSwiftMigration = 1130;
					};
				};
			};
			buildConfigurationList = 111F2CDA1D5615F00020442C /* Build configuration list for PBXProject "UITextFieldDropDownList" */;
			compatibilityVersion = "Xcode 3.2";
			developmentRegion = en;
			hasScannedForEncodings = 0;
			knownRegions = (
				en,
				Base,
			);
			mainGroup = 111F2CD61D5615F00020442C;
			productRefGroup = 111F2CE01D5615F00020442C /* Products */;
			projectDirPath = "";
			projectRoot = "";
			targets = (
				111F2CDE1D5615F00020442C /* UITextFieldDropDownList */,
			);
		};
/* End PBXProject section */

/* Begin PBXResourcesBuildPhase section */
		111F2CDD1D5615F00020442C /* Resources */ = {
			isa = PBXResourcesBuildPhase;
			buildActionMask = 2147483647;
			files = (
				111F2CED1D5615F00020442C /* LaunchScreen.storyboard in Resources */,
				111F2CEA1D5615F00020442C /* Assets.xcassets in Resources */,
				111F2CE81D5615F00020442C /* Main.storyboard in Resources */,
			);
			runOnlyForDeploymentPostprocessing = 0;
		};
/* End PBXResourcesBuildPhase section */

/* Begin PBXSourcesBuildPhase section */
		111F2CDB1D5615F00020442C /* Sources */ = {
			isa = PBXSourcesBuildPhase;
			buildActionMask = 2147483647;
			files = (
				111F2CE51D5615F00020442C /* ViewController.swift in Sources */,
				111F2CF51D5635830020442C /* NoCopyPasteUITextField.swift in Sources */,
				111F2CE31D5615F00020442C /* AppDelegate.swift in Sources */,
			);
			runOnlyForDeploymentPostprocessing = 0;
		};
/* End PBXSourcesBuildPhase section */

/* Begin PBXVariantGroup section */
		111F2CE61D5615F00020442C /* Main.storyboard */ = {
			isa = PBXVariantGroup;
			children = (
				111F2CE71D5615F00020442C /* Base */,
			);
			name = Main.storyboard;
			sourceTree = "<group>";
		};
		111F2CEB1D5615F00020442C /* LaunchScreen.storyboard */ = {
			isa = PBXVariantGroup;
			children = (
				111F2CEC1D5615F00020442C /* Base */,
			);
			name = LaunchScreen.storyboard;
			sourceTree = "<group>";
		};
/* End PBXVariantGroup section */

/* Begin XCBuildConfiguration section */
		111F2CEF1D5615F00020442C /* Debug */ = {
			isa = XCBuildConfiguration;
			buildSettings = {
				ALWAYS_SEARCH_USER_PATHS = NO;
				CLANG_ANALYZER_LOCALIZABILITY_NONLOCALIZED = YES;
				CLANG_ANALYZER_NONNULL = YES;
				CLANG_CXX_LANGUAGE_STANDARD = "gnu++0x";
				CLANG_CXX_LIBRARY = "libc++";
				CLANG_ENABLE_MODULES = YES;
				CLANG_ENABLE_OBJC_ARC = YES;
				CLANG_WARN_BLOCK_CAPTURE_AUTORELEASING = YES;
				CLANG_WARN_BOOL_CONVERSION = YES;
				CLANG_WARN_COMMA = YES;
				CLANG_WARN_CONSTANT_CONVERSION = YES;
				CLANG_WARN_DEPRECATED_OBJC_IMPLEMENTATIONS = YES;
				CLANG_WARN_DIRECT_OBJC_ISA_USAGE = YES_ERROR;
				CLANG_WARN_EMPTY_BODY = YES;
				CLANG_WARN_ENUM_CONVERSION = YES;
				CLANG_WARN_INFINITE_RECURSION = YES;
				CLANG_WARN_INT_CONVERSION = YES;
				CLANG_WARN_NON_LITERAL_NULL_CONVERSION = YES;
				CLANG_WARN_OBJC_IMPLICIT_RETAIN_SELF = YES;
				CLANG_WARN_OBJC_LITERAL_CONVERSION = YES;
				CLANG_WARN_OBJC_ROOT_CLASS = YES_ERROR;
				CLANG_WARN_RANGE_LOOP_ANALYSIS = YES;
				CLANG_WARN_STRICT_PROTOTYPES = YES;
				CLANG_WARN_SUSPICIOUS_MOVE = YES;
				CLANG_WARN_UNREACHABLE_CODE = YES;
				CLANG_WARN__DUPLICATE_METHOD_MATCH = YES;
				"CODE_SIGN_IDENTITY[sdk=iphoneos*]" = "iPhone Developer";
				COPY_PHASE_STRIP = NO;
				DEBUG_INFORMATION_FORMAT = dwarf;
				ENABLE_STRICT_OBJC_MSGSEND = YES;
				ENABLE_TESTABILITY = YES;
				GCC_C_LANGUAGE_STANDARD = gnu99;
				GCC_DYNAMIC_NO_PIC = NO;
				GCC_NO_COMMON_BLOCKS = YES;
				GCC_OPTIMIZATION_LEVEL = 0;
				GCC_PREPROCESSOR_DEFINITIONS = (
					"DEBUG=1",
					"$(inherited)",
				);
				GCC_WARN_64_TO_32_BIT_CONVERSION = YES;
				GCC_WARN_ABOUT_RETURN_TYPE = YES_ERROR;
				GCC_WARN_UNDECLARED_SELECTOR = YES;
				GCC_WARN_UNINITIALIZED_AUTOS = YES_AGGRESSIVE;
				GCC_WARN_UNUSED_FUNCTION = YES;
				GCC_WARN_UNUSED_VARIABLE = YES;
				IPHONEOS_DEPLOYMENT_TARGET = 9.3;
				MTL_ENABLE_DEBUG_INFO = YES;
				ONLY_ACTIVE_ARCH = YES;
				SDKROOT = iphoneos;
				SWIFT_OPTIMIZATION_LEVEL = "-Onone";
				TARGETED_DEVICE_FAMILY = "1,2";
			};
			name = Debug;
		};
		111F2CF01D5615F00020442C /* Release */ = {
			isa = XCBuildConfiguration;
			buildSettings = {
				ALWAYS_SEARCH_USER_PATHS = NO;
				CLANG_ANALYZER_LOCALIZABILITY_NONLOCALIZED = YES;
				CLANG_ANALYZER_NONNULL = YES;
				CLANG_CXX_LANGUAGE_STANDARD = "gnu++0x";
				CLANG_CXX_LIBRARY = "libc++";
				CLANG_ENABLE_MODULES = YES;
				CLANG_ENABLE_OBJC_ARC = YES;
				CLANG_WARN_BLOCK_CAPTURE_AUTORELEASING = YES;
				CLANG_WARN_BOOL_CONVERSION = YES;
				CLANG_WARN_COMMA = YES;
				CLANG_WARN_CONSTANT_CONVERSION = YES;
				CLANG_WARN_DEPRECATED_OBJC_IMPLEMENTATIONS = YES;
				CLANG_WARN_DIRECT_OBJC_ISA_USAGE = YES_ERROR;
				CLANG_WARN_EMPTY_BODY = YES;
				CLANG_WARN_ENUM_CONVERSION = YES;
				CLANG_WARN_INFINITE_RECURSION = YES;
				CLANG_WARN_INT_CONVERSION = YES;
				CLANG_WARN_NON_LITERAL_NULL_CONVERSION = YES;
				CLANG_WARN_OBJC_IMPLICIT_RETAIN_SELF = YES;
				CLANG_WARN_OBJC_LITERAL_CONVERSION = YES;
				CLANG_WARN_OBJC_ROOT_CLASS = YES_ERROR;
				CLANG_WARN_RANGE_LOOP_ANALYSIS = YES;
				CLANG_WARN_STRICT_PROTOTYPES = YES;
				CLANG_WARN_SUSPICIOUS_MOVE = YES;
				CLANG_WARN_UNREACHABLE_CODE = YES;
				CLANG_WARN__DUPLICATE_METHOD_MATCH = YES;
				"CODE_SIGN_IDENTITY[sdk=iphoneos*]" = "iPhone Developer";
				COPY_PHASE_STRIP = NO;
				DEBUG_INFORMATION_FORMAT = "dwarf-with-dsym";
				ENABLE_NS_ASSERTIONS = NO;
				ENABLE_STRICT_OBJC_MSGSEND = YES;
				GCC_C_LANGUAGE_STANDARD = gnu99;
				GCC_NO_COMMON_BLOCKS = YES;
				GCC_WARN_64_TO_32_BIT_CONVERSION = YES;
				GCC_WARN_ABOUT_RETURN_TYPE = YES_ERROR;
				GCC_WARN_UNDECLARED_SELECTOR = YES;
				GCC_WARN_UNINITIALIZED_AUTOS = YES_AGGRESSIVE;
				GCC_WARN_UNUSED_FUNCTION = YES;
				GCC_WARN_UNUSED_VARIABLE = YES;
				IPHONEOS_DEPLOYMENT_TARGET = 9.3;
				MTL_ENABLE_DEBUG_INFO = NO;
				SDKROOT = iphoneos;
				SWIFT_COMPILATION_MODE = wholemodule;
				TARGETED_DEVICE_FAMILY = "1,2";
				VALIDATE_PRODUCT = YES;
			};
			name = Release;
		};
		111F2CF21D5615F00020442C /* Debug */ = {
			isa = XCBuildConfiguration;
			buildSettings = {
				ASSETCATALOG_COMPILER_APPICON_NAME = AppIcon;
				DEVELOPMENT_TEAM = T6TG5W96HH;
				INFOPLIST_FILE = UITextFieldDropDownList/Info.plist;
				IPHONEOS_DEPLOYMENT_TARGET = 12.0;
				LD_RUNPATH_SEARCH_PATHS = "$(inherited) @executable_path/Frameworks";
				PRODUCT_BUNDLE_IDENTIFIER = com.lawrencem.UITextFieldDropDownList;
				PRODUCT_NAME = "$(TARGET_NAME)";
				SWIFT_SWIFT3_OBJC_INFERENCE = Default;
				SWIFT_VERSION = 5.0;
			};
			name = Debug;
		};
		111F2CF31D5615F00020442C /* Release */ = {
			isa = XCBuildConfiguration;
			buildSettings = {
				ASSETCATALOG_COMPILER_APPICON_NAME = AppIcon;
				DEVELOPMENT_TEAM = T6TG5W96HH;
				INFOPLIST_FILE = UITextFieldDropDownList/Info.plist;
				IPHONEOS_DEPLOYMENT_TARGET = 12.0;
				LD_RUNPATH_SEARCH_PATHS = "$(inherited) @executable_path/Frameworks";
				PRODUCT_BUNDLE_IDENTIFIER = com.lawrencem.UITextFieldDropDownList;
				PRODUCT_NAME = "$(TARGET_NAME)";
				SWIFT_SWIFT3_OBJC_INFERENCE = Default;
				SWIFT_VERSION = 5.0;
			};
			name = Release;
		};
/* End XCBuildConfiguration section */

/* Begin XCConfigurationList section */
		111F2CDA1D5615F00020442C /* Build configuration list for PBXProject "UITextFieldDropDownList" */ = {
			isa = XCConfigurationList;
			buildConfigurations = (
				111F2CEF1D5615F00020442C /* Debug */,
				111F2CF01D5615F00020442C /* Release */,
			);
			defaultConfigurationIsVisible = 0;
			defaultConfigurationName = Release;
		};
		111F2CF11D5615F00020442C /* Build configuration list for PBXNativeTarget "UITextFieldDropDownList" */ = {
			isa = XCConfigurationList;
			buildConfigurations = (
				111F2CF21D5615F00020442C /* Debug */,
				111F2CF31D5615F00020442C /* Release */,
			);
			defaultConfigurationIsVisible = 0;
			defaultConfigurationName = Release;
		};
/* End XCConfigurationList section */
	};
	rootObject = 111F2CD71D5615F00020442C /* Project object */;
}
